
Microsoft Visual Studio Solution File, Format Version 12.00
# Visual Studio 2012
Project("{FAE04EC0-301F-11D3-BF4B-00C04F79EFBC}") = "CallOnSoftPhone", "CallOnSoftPhone.csproj", "{FDB005B0-4293-40B9-B220-B57195CBCF3E}"
EndProject
Project("{6141683F-8A12-4E36-9623-2EB02B2C2303}") = "SetupWCFCaller", "setup\SetupWCFCaller\SetupWCFCaller.isproj", "{1A1B9774-770D-426E-866D-3A656A751C3C}"
	ProjectSection(ProjectDependencies) = postProject
		{FDB005B0-4293-40B9-B220-B57195CBCF3E} = {FDB005B0-4293-40B9-B220-B57195CBCF3E}
	EndProjectSection
EndProject
Project("{2150E333-8FDC-42A3-9474-1A3956D46DE8}") = "sharedDlls", "sharedDlls", "{7289B8D8-9764-4603-B4E9-1CAD0E2BEF77}"
	ProjectSection(SolutionItems) = preProject
		..\SharedDlls\ocx.zip = ..\SharedDlls\ocx.zip
		..\SharedDlls\SmartBarClient.ocx = ..\SharedDlls\SmartBarClient.ocx
	EndProjectSection
EndProject
Project("{FAE04EC0-301F-11D3-BF4B-00C04F79EFBC}") = "WindowsFormsOcx", "..\Test\WindowsFormsOcx\WindowsFormsOcx.csproj", "{1B088F86-6195-44CA-A250-247B62B36F17}"
EndProject
Global
	GlobalSection(SolutionConfigurationPlatforms) = preSolution
		CD_ROM|Any CPU = CD_ROM|Any CPU
		CD_ROM|Mixed Platforms = CD_ROM|Mixed Platforms
		CD_ROM|x86 = CD_ROM|x86
		Debug|Any CPU = Debug|Any CPU
		Debug|Mixed Platforms = Debug|Mixed Platforms
		Debug|x86 = Debug|x86
		DVD-5|Any CPU = DVD-5|Any CPU
		DVD-5|Mixed Platforms = DVD-5|Mixed Platforms
		DVD-5|x86 = DVD-5|x86
		Release|Any CPU = Release|Any CPU
		Release|Mixed Platforms = Release|Mixed Platforms
		Release|x86 = Release|x86
		SingleImage|Any CPU = SingleImage|Any CPU
		SingleImage|Mixed Platforms = SingleImage|Mixed Platforms
		SingleImage|x86 = SingleImage|x86
	EndGlobalSection
	GlobalSection(ProjectConfigurationPlatforms) = postSolution
		{FDB005B0-4293-40B9-B220-B57195CBCF3E}.CD_ROM|Any CPU.ActiveCfg = Debug|x86
		{FDB005B0-4293-40B9-B220-B57195CBCF3E}.CD_ROM|Mixed Platforms.ActiveCfg = Debug|x86
		{FDB005B0-4293-40B9-B220-B57195CBCF3E}.CD_ROM|Mixed Platforms.Build.0 = Debug|x86
		{FDB005B0-4293-40B9-B220-B57195CBCF3E}.CD_ROM|x86.ActiveCfg = Release|x86
		{FDB005B0-4293-40B9-B220-B57195CBCF3E}.CD_ROM|x86.Build.0 = Release|x86
		{FDB005B0-4293-40B9-B220-B57195CBCF3E}.Debug|Any CPU.ActiveCfg = Debug|x86
		{FDB005B0-4293-40B9-B220-B57195CBCF3E}.Debug|Mixed Platforms.ActiveCfg = Debug|x86
		{FDB005B0-4293-40B9-B220-B57195CBCF3E}.Debug|Mixed Platforms.Build.0 = Debug|x86
		{FDB005B0-4293-40B9-B220-B57195CBCF3E}.Debug|x86.ActiveCfg = Debug|x86
		{FDB005B0-4293-40B9-B220-B57195CBCF3E}.Debug|x86.Build.0 = Debug|x86
		{FDB005B0-4293-40B9-B220-B57195CBCF3E}.DVD-5|Any CPU.ActiveCfg = Debug|x86
		{FDB005B0-4293-40B9-B220-B57195CBCF3E}.DVD-5|Mixed Platforms.ActiveCfg = Debug|x86
		{FDB005B0-4293-40B9-B220-B57195CBCF3E}.DVD-5|Mixed Platforms.Build.0 = Debug|x86
		{FDB005B0-4293-40B9-B220-B57195CBCF3E}.DVD-5|x86.ActiveCfg = Debug|x86
		{FDB005B0-4293-40B9-B220-B57195CBCF3E}.DVD-5|x86.Build.0 = Debug|x86
		{FDB005B0-4293-40B9-B220-B57195CBCF3E}.Release|Any CPU.ActiveCfg = Release|x86
		{FDB005B0-4293-40B9-B220-B57195CBCF3E}.Release|Mixed Platforms.ActiveCfg = Release|x86
		{FDB005B0-4293-40B9-B220-B57195CBCF3E}.Release|Mixed Platforms.Build.0 = Release|x86
		{FDB005B0-4293-40B9-B220-B57195CBCF3E}.Release|x86.ActiveCfg = Release|x86
		{FDB005B0-4293-40B9-B220-B57195CBCF3E}.Release|x86.Build.0 = Release|x86
		{FDB005B0-4293-40B9-B220-B57195CBCF3E}.SingleImage|Any CPU.ActiveCfg = Debug|x86
		{FDB005B0-4293-40B9-B220-B57195CBCF3E}.SingleImage|Mixed Platforms.ActiveCfg = Debug|x86
		{FDB005B0-4293-40B9-B220-B57195CBCF3E}.SingleImage|Mixed Platforms.Build.0 = Debug|x86
		{FDB005B0-4293-40B9-B220-B57195CBCF3E}.SingleImage|x86.ActiveCfg = Release|x86
		{FDB005B0-4293-40B9-B220-B57195CBCF3E}.SingleImage|x86.Build.0 = Release|x86
		{1A1B9774-770D-426E-866D-3A656A751C3C}.CD_ROM|Any CPU.ActiveCfg = CD_ROM
		{1A1B9774-770D-426E-866D-3A656A751C3C}.CD_ROM|Any CPU.Build.0 = CD_ROM
		{1A1B9774-770D-426E-866D-3A656A751C3C}.CD_ROM|Mixed Platforms.ActiveCfg = CD_ROM
		{1A1B9774-770D-426E-866D-3A656A751C3C}.CD_ROM|Mixed Platforms.Build.0 = CD_ROM
		{1A1B9774-770D-426E-866D-3A656A751C3C}.CD_ROM|x86.ActiveCfg = CD_ROM
		{1A1B9774-770D-426E-866D-3A656A751C3C}.CD_ROM|x86.Build.0 = CD_ROM
		{1A1B9774-770D-426E-866D-3A656A751C3C}.Debug|Any CPU.ActiveCfg = DVD-5
		{1A1B9774-770D-426E-866D-3A656A751C3C}.Debug|Any CPU.Build.0 = DVD-5
		{1A1B9774-770D-426E-866D-3A656A751C3C}.Debug|Mixed Platforms.ActiveCfg = DVD-5
		{1A1B9774-770D-426E-866D-3A656A751C3C}.Debug|Mixed Platforms.Build.0 = DVD-5
		{1A1B9774-770D-426E-866D-3A656A751C3C}.Debug|x86.ActiveCfg = DVD-5
		{1A1B9774-770D-426E-866D-3A656A751C3C}.Debug|x86.Build.0 = DVD-5
		{1A1B9774-770D-426E-866D-3A656A751C3C}.DVD-5|Any CPU.ActiveCfg = DVD-5
		{1A1B9774-770D-426E-866D-3A656A751C3C}.DVD-5|Any CPU.Build.0 = DVD-5
		{1A1B9774-770D-426E-866D-3A656A751C3C}.DVD-5|Mixed Platforms.ActiveCfg = DVD-5
		{1A1B9774-770D-426E-866D-3A656A751C3C}.DVD-5|Mixed Platforms.Build.0 = DVD-5
		{1A1B9774-770D-426E-866D-3A656A751C3C}.DVD-5|x86.ActiveCfg = DVD-5
		{1A1B9774-770D-426E-866D-3A656A751C3C}.DVD-5|x86.Build.0 = DVD-5
		{1A1B9774-770D-426E-866D-3A656A751C3C}.Release|Any CPU.ActiveCfg = SingleImage
		{1A1B9774-770D-426E-866D-3A656A751C3C}.Release|Any CPU.Build.0 = SingleImage
		{1A1B9774-770D-426E-866D-3A656A751C3C}.Release|Mixed Platforms.ActiveCfg = SingleImage
		{1A1B9774-770D-426E-866D-3A656A751C3C}.Release|Mixed Platforms.Build.0 = SingleImage
		{1A1B9774-770D-426E-866D-3A656A751C3C}.Release|x86.ActiveCfg = SingleImage
		{1A1B9774-770D-426E-866D-3A656A751C3C}.Release|x86.Build.0 = SingleImage
		{1A1B9774-770D-426E-866D-3A656A751C3C}.SingleImage|Any CPU.ActiveCfg = SingleImage
		{1A1B9774-770D-426E-866D-3A656A751C3C}.SingleImage|Any CPU.Build.0 = SingleImage
		{1A1B9774-770D-426E-866D-3A656A751C3C}.SingleImage|Mixed Platforms.ActiveCfg = SingleImage
		{1A1B9774-770D-426E-866D-3A656A751C3C}.SingleImage|Mixed Platforms.Build.0 = SingleImage
		{1A1B9774-770D-426E-866D-3A656A751C3C}.SingleImage|x86.ActiveCfg = SingleImage
		{1A1B9774-770D-426E-866D-3A656A751C3C}.SingleImage|x86.Build.0 = SingleImage
		{1B088F86-6195-44CA-A250-247B62B36F17}.CD_ROM|Any CPU.ActiveCfg = Release|Any CPU
		{1B088F86-6195-44CA-A250-247B62B36F17}.CD_ROM|Any CPU.Build.0 = Release|Any CPU
		{1B088F86-6195-44CA-A250-247B62B36F17}.CD_ROM|Mixed Platforms.ActiveCfg = Release|Any CPU
		{1B088F86-6195-44CA-A250-247B62B36F17}.CD_ROM|Mixed Platforms.Build.0 = Release|Any CPU
		{1B088F86-6195-44CA-A250-247B62B36F17}.CD_ROM|x86.ActiveCfg = Release|Any CPU
		{1B088F86-6195-44CA-A250-247B62B36F17}.Debug|Any CPU.ActiveCfg = Debug|Any CPU
		{1B088F86-6195-44CA-A250-247B62B36F17}.Debug|Any CPU.Build.0 = Debug|Any CPU
		{1B088F86-6195-44CA-A250-247B62B36F17}.Debug|Mixed Platforms.ActiveCfg = Debug|Any CPU
		{1B088F86-6195-44CA-A250-247B62B36F17}.Debug|Mixed Platforms.Build.0 = Debug|Any CPU
		{1B088F86-6195-44CA-A250-247B62B36F17}.Debug|x86.ActiveCfg = Debug|Any CPU
		{1B088F86-6195-44CA-A250-247B62B36F17}.DVD-5|Any CPU.ActiveCfg = Debug|Any CPU
		{1B088F86-6195-44CA-A250-247B62B36F17}.DVD-5|Any CPU.Build.0 = Debug|Any CPU
		{1B088F86-6195-44CA-A250-247B62B36F17}.DVD-5|Mixed Platforms.ActiveCfg = Debug|Any CPU
		{1B088F86-6195-44CA-A250-247B62B36F17}.DVD-5|Mixed Platforms.Build.0 = Debug|Any CPU
		{1B088F86-6195-44CA-A250-247B62B36F17}.DVD-5|x86.ActiveCfg = Debug|Any CPU
		{1B088F86-6195-44CA-A250-247B62B36F17}.Release|Any CPU.ActiveCfg = Release|Any CPU
		{1B088F86-6195-44CA-A250-247B62B36F17}.Release|Any CPU.Build.0 = Release|Any CPU
		{1B088F86-6195-44CA-A250-247B62B36F17}.Release|Mixed Platforms.ActiveCfg = Release|Any CPU
		{1B088F86-6195-44CA-A250-247B62B36F17}.Release|Mixed Platforms.Build.0 = Release|Any CPU
		{1B088F86-6195-44CA-A250-247B62B36F17}.Release|x86.ActiveCfg = Release|Any CPU
		{1B088F86-6195-44CA-A250-247B62B36F17}.SingleImage|Any CPU.ActiveCfg = Release|Any CPU
		{1B088F86-6195-44CA-A250-247B62B36F17}.SingleImage|Any CPU.Build.0 = Release|Any CPU
		{1B088F86-6195-44CA-A250-247B62B36F17}.SingleImage|Mixed Platforms.ActiveCfg = Release|Any CPU
		{1B088F86-6195-44CA-A250-247B62B36F17}.SingleImage|Mixed Platforms.Build.0 = Release|Any CPU
		{1B088F86-6195-44CA-A250-247B62B36F17}.SingleImage|x86.ActiveCfg = Release|Any CPU
	EndGlobalSection
	GlobalSection(SolutionProperties) = preSolution
		HideSolutionNode = FALSE
	EndGlobalSection
EndGlobal
